format=local-inference-source-lock/v1
status=research-only
release.name=glm53-r21-tp3-overlay
release.parent.name=jovian-judgement-community-20260904-r21
release.parent.image=voipmonitor/vllm:jovian-judgement-community-20260904-r21
release.parent.digest=sha256:f096012c508f9bc12e8c4e617b8ed19da3a2cecb525e9479904e848730f0c8ac
release.parent.id=sha256:80f337f921ff726a3aac2e03ef7d0ff6215ec20c06b3af796fc1230a3b3bcb24
release.parent.source-lock.sha256=e7adbbb9833b5cb1716bfc673a343b538b96672bad94d78753d1fd3c87940026
release.overlay.repository=https://github.com/local-inference-lab/blackwell-llm-docker.git
release.overlay.revision=org.opencontainers.image.revision
release.overlay.contract=glm53-r21-tp3

vllm.repository=https://github.com/local-inference-lab/vllm.git
vllm.ref=refs/pull/547/head
vllm.base.commit=f2d77086163e899f87f54a59af216d18ffa3a2b7
vllm.integration.commit=e96b18dbb8c19230591e79e0ed056b12947b2ea1
vllm.integration.tree=31e73a43eb8a03e932f03c51341df2c73c60f3d4
vllm.package.tree=31e73a43eb8a03e932f03c51341df2c73c60f3d4
vllm.package.version=0.26.1rc0+glm53.flash.nvfp4.luke.clean.r1.vllme75bcfd.b12x58a046f
vllm.native-extension.source=inherited from the immutable parent package

b12x.repository=https://github.com/local-inference-lab/b12x.git
b12x.ref=refs/pull/265/head
b12x.base.commit=1e59a1fd09f782d302b1068b15c8a0bd66103894
b12x.integration.commit=6d47b10eddf408799796650baf3e802bd56bf844
b12x.integration.tree=afdd4b4cc589fddb079f1661d91e932f9d99b8c5
b12x.package.tree=afdd4b4cc589fddb079f1661d91e932f9d99b8c5
b12x.package.version=1.3.0

lmcache.repository=https://github.com/local-inference-lab/LMCache.git
lmcache.ref=integration/glm53-r18-cache-complete-20260902
lmcache.commit=aefe3ab701ab7a835532e701be89f5055b13ec0f
lmcache.tree=683ab2c165a9aa0e2d1a1ab757af4a8b193688c5
lmcache.package.tree=976a97f22c0497f34db089dc5f02a713dd0b5888
lmcache.source=inherited unchanged from the immutable parent

cache.generic.fingerprint=cu133-torch213-glm53-r21-vllme96b18db-b12x6d47b10e-cache-complete
cache.tp3.fingerprint=cu133-torch213-glm53-r21-tp3-vllme96b18db-b12x6d47b10e-dense-ctx1m-seq8-bt8192

launcher.tp3.path=/usr/local/bin/serve-glm53-flash-tp3-r21.sh
launcher.tp3.sha256=a470d95227a0e9110f5f3871da5f04a180b93a671df401ef0d730c6db46a96f9
launcher.dflash.path=/usr/local/bin/serve-glm53-flash-nvfp4-dflash2.sh
launcher.dflash.sha256=a802121b32ff7b1f6f820bee2afc7f17c771dd605af23358c2762634ac9edf00
launcher.cache-mode.path=/usr/local/bin/serve-glm53-flash.sh
launcher.cache-mode.sha256=d7c934808b01f8de249534738b9e642e4fcfecc8818e7a559ebafa0ecc4cc938
launcher.lmcache.path=/usr/local/bin/serve-glm53-flash-lmcache.sh
launcher.lmcache.sha256=cfee14450faee85732081c393f8868c60b3f77fdd370cce8f93633acaa0f37de
launcher.base-dflash.path=/usr/local/libexec/serve-glm53-flash-nvfp4-dflash2.sh
launcher.base-dflash.sha256=053145c9586d610c25aba787453f208ee3e4ab3618c35563d09d3f4867897604
launcher.base-cache.path=/usr/local/libexec/serve-glm53-flash-lmcache-cache-complete.sh
launcher.base-cache.sha256=60aebc7e9be9cc4dd182c8fcdf123d21ecf97c9696d83ccca8e18271714a501b

target.model=local-inference-lab/GLM-5.3-Flash-NVFP4
target.revision=378ca54585c46542bad1f3cb3ed0d73ae51cdb62
draft.model=local-inference-lab/GLM-5.3-Flash-DFlash2
draft.revision=aea0ac8a05624512ca9e106c09c16087da998426

qualification.status=research-only
qualification.scope=External receipt must bind this source lock, runtime revision, image ID, and hardware evidence.
