format=local-inference-source-lock/v1
implementation.status=implemented
qualification.contract=See evidence for the resulting immutable image
release.name=jovian-judgement-community-20260908-r28-high
release.version=r28-high
runtime.base.image=voipmonitor/vllm@sha256:93ac5228f1cbde2182ca294d8b479259144742af2756a49ff207dd245429bf43
runtime.cuda.version=13.3
runtime.pytorch.version=2.13.0
runtime.rootfs.layers=3
runtime.cudagraph.mode=FULL_AND_PIECEWISE
runtime.scheduler.max-num-batched-tokens=4096
runtime.scheduler.prefill-compute-share=0.4
runtime.nccl.channels=16
runtime.nccl.buffer.bytes=2097152
runtime.recurrent-checkpoint-policy=auto
runtime.lmcache.transfer=engine-driven asynchronous shared memory
runtime.lmcache.checkpoints=atomic target and draft bundles for request_boundaries; independent chunks for explicit aligned
model.repository=local-inference-lab/GLM-5.3-Flash-NVFP4
draft.repository=local-inference-lab/GLM-5.3-Flash-DFlash2
draft.quantization=MXFP8
vllm.commit=2531689fa50b956d3e1156e1ab80d119aaf34c1e
vllm.tree=a8b355eb38a0b75b97eae06738b03c65b1e9fbb5
vllm.package.tree=b58e8822b7f01df715fe72a94ed9ae4d2f447040
vllm.bundle.sha256=76d4654ce69e6dedd2e0b4bd83155dd6306e19ef5254bb67d29a96acb67372c3
b12x.commit=3edbcbce70f491741b82f5eab9c1b30b39447228
b12x.tree=c4bfeee9f3c9457400d191c870eb2e44fbcd5c2e
b12x.package.tree=d76de6c4ceaa9c2feb49edaf8c2f77d5a29ab5cb
b12x.bundle.sha256=a3ef23b6d179ec95b8a160cf509d4c75d6b90c58b5a604c47ce8b58ecf786e44
lmcache.commit=617a1b47a790de6b86eea92f59deb232a9eff87d
lmcache.tree=247f81b6fd3b156c402a0dd31cd4a21ae8e21160
lmcache.package.tree=85622f21a2a3ae115e7a4ca41801fe221001e87f
lmcache.bundle.sha256=1ab4ac35c21e7fb623799acb49ce8fea25a39ea1b18751b5624c26b025f74e55
lmcache.version=0.5.5.dev0+glm53checkpoints.617a1b47
flashkda.base.commit=3b225bf26bb8e218928a1fe14751cb48cf31d11b
flashkda.patch.sha256=a9537532cf231babc942fa592666893268ca0617b24daeb8e78d3249e8c1d58a
flashkda.extension.sha256=3bb6ef2c9f0be24b2c6ae8a48eb20b53f28e632ed9cb45a32c7c0133f8cfde91
input.Dockerfile.glm53-cache-contracts.sha256=0431cf8cf4f9979423e60cea8ce53a940347a7f3c2d70440d6c5bf123fc98f76
input.build_glm53_cache_contract_image.sh.sha256=9ee13a42b0ad78b9f0c5e97dd0a376960ed4e80c484b708a9e54db5570da75ae
input.source_locked_image_labels.py.sha256=b28378354056ab145edc8761dd232e3e2aab2bb691fdaa6b5175481d941e894a
input.install_source_bundle.sh.sha256=d18c4b49acc40722b439a0838240c5a03c5df5b799027cd3c9c141fb78395613
input.install_glm53_source_locked.sh.sha256=429cee897017343f129f65200aa829f1cf7cfd6c6f04897c724a467873849b1b
input.serve-glm53-flash-nvfp4-dflash2.sh.sha256=856f1a25fc2524a543983b32a291efa8e230705ca79539bd7e5a139dd39489e2
input.serve-glm53-flash-nvfp4-dflash2-scheduler-qos.sh.sha256=69b0bf28564d5f497d6da1d6eb34ba45eb505be788247e8acce793bd88497d69
input.serve-glm53-flash-lmcache.sh.sha256=c841af83547ecd6fd4bcf04cd8933b9f894eb5c9e27421130938b1168c0ac0c1
input.serve-glm53-flash-lmcache-cache-complete.sh.sha256=2e2e652c5f56ddfad6b123b24d938d6bcb62fcb2c1ea90a8b990ac3714b511f7
input.serve-glm53-flash-cache-complete.sh.sha256=167da2e8e8ca79d8c50d93d279d2526b133737cfad8322ecca20c684137749f0
input.glm53_checkpoint_identity.py.sha256=b5d259c38bf844d4da6a1a9d905a0e8983f586a8dc550b138d8cdf070c02f499
input.glm53-r18-lmcache-runtime-requirements.txt.sha256=7ac402540e2ba3f02fc1a443934ef3ff6e2e10c8ff81ae989e3958cfff38adf7
build.uv.sha256=9a4299a0c3bcc01012acbcdae7b5655e5087e0e5d87459306736a1420a902b81
runtime.cache.fingerprint=cu133-torch213-glm53-vllmb58e8822-b12xd76de6c4-lmcache85622f21-flashkda3bb6ef2c
runtime.default.reasoning-effort=high
runtime.parent.release-image=voipmonitor/vllm@sha256:f5f121e37fd2afbb6f8f036e7eb627435cfb736de0a4420306dc2a25b6631669
